
Microsoft Visual Studio Solution File, Format Version 12.00
# Visual Studio Version 17
VisualStudioVersion = 17.6.33723.286
MinimumVisualStudioVersion = 10.0.40219.1
Project("{FAE04EC0-301F-11D3-BF4B-00C04F79EFBC}") = "PrefixSum", "PrefixSum.csproj", "{847F3C06-69C2-42B7-8BA6-6A7F79456AD0}"
EndProject
Global
	GlobalSection(SolutionConfigurationPlatforms) = preSolution
		Debug|Any CPU = Debug|Any CPU
		Release|Any CPU = Release|Any CPU
	EndGlobalSection
	GlobalSection(ProjectConfigurationPlatforms) = postSolution
		{847F3C06-69C2-42B7-8BA6-6A7F79456AD0}.Debug|Any CPU.ActiveCfg = Debug|Any CPU
		{847F3C06-69C2-42B7-8BA6-6A7F79456AD0}.Debug|Any CPU.Build.0 = Debug|Any CPU
		{847F3C06-69C2-42B7-8BA6-6A7F79456AD0}.Release|Any CPU.ActiveCfg = Release|Any CPU
		{847F3C06-69C2-42B7-8BA6-6A7F79456AD0}.Release|Any CPU.Build.0 = Release|Any CPU
	EndGlobalSection
	GlobalSection(SolutionProperties) = preSolution
		HideSolutionNode = FALSE
	EndGlobalSection
	GlobalSection(ExtensibilityGlobals) = postSolution
		SolutionGuid = {50F39A0F-C7AC-47C7-9176-B8DA8B40D7FD}
	EndGlobalSection
EndGlobal
